// !$*UTF8*$!
{
	archiveVersion = 1;
	classes = {
	};
	objectVersion = 51;
	objects = {

/* Begin PBXBuildFile section */
		D106CC202302CAE2004C8CD2 /* Main.storyboard in Resources */ = {isa = PBXBuildFile; fileRef = D106CC1E2302CAE2004C8CD2 /* Main.storyboard */; };
		D106CC222302CAE3004C8CD2 /* Assets.xcassets in Resources */ = {isa = PBXBuildFile; fileRef = D106CC212302CAE3004C8CD2 /* Assets.xcassets */; };
		D106CC252302CAE3004C8CD2 /* LaunchScreen.storyboard in Resources */ = {isa = PBXBuildFile; fileRef = D106CC232302CAE3004C8CD2 /* LaunchScreen.storyboard */; };
		D13F304D2302DF5300573C79 /* Loader.swift in Sources */ = {isa = PBXBuildFile; fileRef = D13F304C2302DF5300573C79 /* Loader.swift */; };
		D13F304F2302DF5E00573C79 /* Constants.swift in Sources */ = {isa = PBXBuildFile; fileRef = D13F304E2302DF5E00573C79 /* Constants.swift */; };
		D13F30532302DF8800573C79 /* Extensions.swift in Sources */ = {isa = PBXBuildFile; fileRef = D13F30522302DF8800573C79 /* Extensions.swift */; };
		D13F30552302DF9200573C79 /* AppDelegate.swift in Sources */ = {isa = PBXBuildFile; fileRef = D13F30542302DF9200573C79 /* AppDelegate.swift */; };
		D13F305B2302DFB800573C79 /* NearestPointTableViewCell.swift in Sources */ = {isa = PBXBuildFile; fileRef = D13F30572302DFB800573C79 /* NearestPointTableViewCell.swift */; };
		D13F305C2302DFB800573C79 /* HomeTableViewCell.swift in Sources */ = {isa = PBXBuildFile; fileRef = D13F30582302DFB800573C79 /* HomeTableViewCell.swift */; };
		D13F305D2302DFB800573C79 /* NearestPointTableViewCell.xib in Resources */ = {isa = PBXBuildFile; fileRef = D13F30592302DFB800573C79 /* NearestPointTableViewCell.xib */; };
		D13F305E2302DFB800573C79 /* HomeTableViewCell.xib in Resources */ = {isa = PBXBuildFile; fileRef = D13F305A2302DFB800573C79 /* HomeTableViewCell.xib */; };
		D13F30652302E00300573C79 /* NearestPoinViewModel.swift in Sources */ = {isa = PBXBuildFile; fileRef = D13F30632302E00300573C79 /* NearestPoinViewModel.swift */; };
		D13F30662302E00300573C79 /* PlaceViewModel.swift in Sources */ = {isa = PBXBuildFile; fileRef = D13F30642302E00300573C79 /* PlaceViewModel.swift */; };
		D13F30682302E06F00573C79 /* PlaceDataModel.swift in Sources */ = {isa = PBXBuildFile; fileRef = D13F30672302E06F00573C79 /* PlaceDataModel.swift */; };
		D13F306C2302E0B200573C79 /* AnimateOnMapViewController.swift in Sources */ = {isa = PBXBuildFile; fileRef = D13F306A2302E0B200573C79 /* AnimateOnMapViewController.swift */; };
		D13F306D2302E0B200573C79 /* HomeViewController.swift in Sources */ = {isa = PBXBuildFile; fileRef = D13F306B2302E0B200573C79 /* HomeViewController.swift */; };
		D13F306F2302E0BE00573C79 /* NearestPointViewController.swift in Sources */ = {isa = PBXBuildFile; fileRef = D13F306E2302E0BE00573C79 /* NearestPointViewController.swift */; };
		D1D5A5772302E42E009336FE /* Style.json in Resources */ = {isa = PBXBuildFile; fileRef = D1D5A5762302E42E009336FE /* Style.json */; };
		E7A9E96F93DA51BD5E421947 /* Pods_MapRoutesPOC.framework in Frameworks */ = {isa = PBXBuildFile; fileRef = 9BE41CA173189DFE5859C443 /* Pods_MapRoutesPOC.framework */; };
/* End PBXBuildFile section */

/* Begin PBXFileReference section */
		061907C3A1A9540094C873CD /* Pods-MapRoutesPOC.release.xcconfig */ = {isa = PBXFileReference; includeInIndex = 1; lastKnownFileType = text.xcconfig; name = "Pods-MapRoutesPOC.release.xcconfig"; path = "Target Support Files/Pods-MapRoutesPOC/Pods-MapRoutesPOC.release.xcconfig"; sourceTree = "<group>"; };
		4273A07E85F0DD3AA096E703 /* Pods-MapRoutesPOC.debug.xcconfig */ = {isa = PBXFileReference; includeInIndex = 1; lastKnownFileType = text.xcconfig; name = "Pods-MapRoutesPOC.debug.xcconfig"; path = "Target Support Files/Pods-MapRoutesPOC/Pods-MapRoutesPOC.debug.xcconfig"; sourceTree = "<group>"; };
		9BE41CA173189DFE5859C443 /* Pods_MapRoutesPOC.framework */ = {isa = PBXFileReference; explicitFileType = wrapper.framework; includeInIndex = 0; path = Pods_MapRoutesPOC.framework; sourceTree = BUILT_PRODUCTS_DIR; };
		D106CC172302CAE2004C8CD2 /* MapRoutesPOC.app */ = {isa = PBXFileReference; explicitFileType = wrapper.application; includeInIndex = 0; path = MapRoutesPOC.app; sourceTree = BUILT_PRODUCTS_DIR; };
		D106CC1F2302CAE2004C8CD2 /* Base */ = {isa = PBXFileReference; lastKnownFileType = file.storyboard; name = Base; path = Base.lproj/Main.storyboard; sourceTree = "<group>"; };
		D106CC212302CAE3004C8CD2 /* Assets.xcassets */ = {isa = PBXFileReference; lastKnownFileType = folder.assetcatalog; path = Assets.xcassets; sourceTree = "<group>"; };
		D106CC242302CAE3004C8CD2 /* Base */ = {isa = PBXFileReference; lastKnownFileType = file.storyboard; name = Base; path = Base.lproj/LaunchScreen.storyboard; sourceTree = "<group>"; };
		D106CC262302CAE3004C8CD2 /* Info.plist */ = {isa = PBXFileReference; lastKnownFileType = text.plist.xml; path = Info.plist; sourceTree = "<group>"; };
		D13F304C2302DF5300573C79 /* Loader.swift */ = {isa = PBXFileReference; fileEncoding = 4; lastKnownFileType = sourcecode.swift; path = Loader.swift; sourceTree = "<group>"; };
		D13F304E2302DF5E00573C79 /* Constants.swift */ = {isa = PBXFileReference; fileEncoding = 4; lastKnownFileType = sourcecode.swift; path = Constants.swift; sourceTree = "<group>"; };
		D13F30522302DF8800573C79 /* Extensions.swift */ = {isa = PBXFileReference; fileEncoding = 4; lastKnownFileType = sourcecode.swift; path = Extensions.swift; sourceTree = "<group>"; };
		D13F30542302DF9200573C79 /* AppDelegate.swift */ = {isa = PBXFileReference; fileEncoding = 4; lastKnownFileType = sourcecode.swift; path = AppDelegate.swift; sourceTree = "<group>"; };
		D13F30572302DFB800573C79 /* NearestPointTableViewCell.swift */ = {isa = PBXFileReference; fileEncoding = 4; lastKnownFileType = sourcecode.swift; path = NearestPointTableViewCell.swift; sourceTree = "<group>"; };
		D13F30582302DFB800573C79 /* HomeTableViewCell.swift */ = {isa = PBXFileReference; fileEncoding = 4; lastKnownFileType = sourcecode.swift; path = HomeTableViewCell.swift; sourceTree = "<group>"; };
		D13F30592302DFB800573C79 /* NearestPointTableViewCell.xib */ = {isa = PBXFileReference; fileEncoding = 4; lastKnownFileType = file.xib; path = NearestPointTableViewCell.xib; sourceTree = "<group>"; };
		D13F305A2302DFB800573C79 /* HomeTableViewCell.xib */ = {isa = PBXFileReference; fileEncoding = 4; lastKnownFileType = file.xib; path = HomeTableViewCell.xib; sourceTree = "<group>"; };
		D13F30632302E00300573C79 /* NearestPoinViewModel.swift */ = {isa = PBXFileReference; fileEncoding = 4; lastKnownFileType = sourcecode.swift; path = NearestPoinViewModel.swift; sourceTree = "<group>"; };
		D13F30642302E00300573C79 /* PlaceViewModel.swift */ = {isa = PBXFileReference; fileEncoding = 4; lastKnownFileType = sourcecode.swift; path = PlaceViewModel.swift; sourceTree = "<group>"; };
		D13F30672302E06F00573C79 /* PlaceDataModel.swift */ = {isa = PBXFileReference; fileEncoding = 4; lastKnownFileType = sourcecode.swift; path = PlaceDataModel.swift; sourceTree = "<group>"; };
		D13F306A2302E0B200573C79 /* AnimateOnMapViewController.swift */ = {isa = PBXFileReference; fileEncoding = 4; lastKnownFileType = sourcecode.swift; path = AnimateOnMapViewController.swift; sourceTree = "<group>"; };
		D13F306B2302E0B200573C79 /* HomeViewController.swift */ = {isa = PBXFileReference; fileEncoding = 4; lastKnownFileType = sourcecode.swift; path = HomeViewController.swift; sourceTree = "<group>"; };
		D13F306E2302E0BE00573C79 /* NearestPointViewController.swift */ = {isa = PBXFileReference; fileEncoding = 4; lastKnownFileType = sourcecode.swift; path = NearestPointViewController.swift; sourceTree = "<group>"; };
		D1D5A5762302E42E009336FE /* Style.json */ = {isa = PBXFileReference; fileEncoding = 4; lastKnownFileType = text.json; path = Style.json; sourceTree = "<group>"; };
/* End PBXFileReference section */

/* Begin PBXFrameworksBuildPhase section */
		D106CC142302CAE2004C8CD2 /* Frameworks */ = {
			isa = PBXFrameworksBuildPhase;
			buildActionMask = 2147483647;
			files = (
				E7A9E96F93DA51BD5E421947 /* Pods_MapRoutesPOC.framework in Frameworks */,
			);
			runOnlyForDeploymentPostprocessing = 0;
		};
/* End PBXFrameworksBuildPhase section */

/* Begin PBXGroup section */
		76FF700201D11E01457AC70E /* Pods */ = {
			isa = PBXGroup;
			children = (
				4273A07E85F0DD3AA096E703 /* Pods-MapRoutesPOC.debug.xcconfig */,
				061907C3A1A9540094C873CD /* Pods-MapRoutesPOC.release.xcconfig */,
			);
			path = Pods;
			sourceTree = "<group>";
		};
		B88CC1EE84680AE493E5AD74 /* Frameworks */ = {
			isa = PBXGroup;
			children = (
				9BE41CA173189DFE5859C443 /* Pods_MapRoutesPOC.framework */,
			);
			name = Frameworks;
			sourceTree = "<group>";
		};
		D106CC0E2302CAE2004C8CD2 = {
			isa = PBXGroup;
			children = (
				D106CC192302CAE2004C8CD2 /* MapRoutesPOC */,
				D106CC182302CAE2004C8CD2 /* Products */,
				76FF700201D11E01457AC70E /* Pods */,
				B88CC1EE84680AE493E5AD74 /* Frameworks */,
			);
			sourceTree = "<group>";
		};
		D106CC182302CAE2004C8CD2 /* Products */ = {
			isa = PBXGroup;
			children = (
				D106CC172302CAE2004C8CD2 /* MapRoutesPOC.app */,
			);
			name = Products;
			sourceTree = "<group>";
		};
		D106CC192302CAE2004C8CD2 /* MapRoutesPOC */ = {
			isa = PBXGroup;
			children = (
				D13F304E2302DF5E00573C79 /* Constants.swift */,
				D13F30512302DF7E00573C79 /* Extension */,
				D13F30502302DF7400573C79 /* AppDelegate */,
				D13F304B2302DF3200573C79 /* Loader */,
				D13F30562302DFA600573C79 /* Cells */,
				D13F30612302DFD900573C79 /* Model */,
				D13F30602302DFD000573C79 /* ViewModel */,
				D13F30622302DFE100573C79 /* Controller */,
				D106CC2C2302DE4E004C8CD2 /* StoryBoards */,
				D13F304A2302DF2100573C79 /* Supporting Files */,
				D106CC262302CAE3004C8CD2 /* Info.plist */,
				D1D5A5762302E42E009336FE /* Style.json */,
			);
			path = MapRoutesPOC;
			sourceTree = "<group>";
		};
		D106CC2C2302DE4E004C8CD2 /* StoryBoards */ = {
			isa = PBXGroup;
			children = (
				D106CC1E2302CAE2004C8CD2 /* Main.storyboard */,
				D106CC232302CAE3004C8CD2 /* LaunchScreen.storyboard */,
			);
			path = StoryBoards;
			sourceTree = "<group>";
		};
		D13F304A2302DF2100573C79 /* Supporting Files */ = {
			isa = PBXGroup;
			children = (
				D106CC212302CAE3004C8CD2 /* Assets.xcassets */,
			);
			path = "Supporting Files";
			sourceTree = "<group>";
		};
		D13F304B2302DF3200573C79 /* Loader */ = {
			isa = PBXGroup;
			children = (
				D13F304C2302DF5300573C79 /* Loader.swift */,
			);
			path = Loader;
			sourceTree = "<group>";
		};
		D13F30502302DF7400573C79 /* AppDelegate */ = {
			isa = PBXGroup;
			children = (
				D13F30542302DF9200573C79 /* AppDelegate.swift */,
			);
			path = AppDelegate;
			sourceTree = "<group>";
		};
		D13F30512302DF7E00573C79 /* Extension */ = {
			isa = PBXGroup;
			children = (
				D13F30522302DF8800573C79 /* Extensions.swift */,
			);
			path = Extension;
			sourceTree = "<group>";
		};
		D13F30562302DFA600573C79 /* Cells */ = {
			isa = PBXGroup;
			children = (
				D13F30582302DFB800573C79 /* HomeTableViewCell.swift */,
				D13F305A2302DFB800573C79 /* HomeTableViewCell.xib */,
				D13F30572302DFB800573C79 /* NearestPointTableViewCell.swift */,
				D13F30592302DFB800573C79 /* NearestPointTableViewCell.xib */,
			);
			path = Cells;
			sourceTree = "<group>";
		};
		D13F30602302DFD000573C79 /* ViewModel */ = {
			isa = PBXGroup;
			children = (
				D13F30632302E00300573C79 /* NearestPoinViewModel.swift */,
				D13F30642302E00300573C79 /* PlaceViewModel.swift */,
			);
			path = ViewModel;
			sourceTree = "<group>";
		};
		D13F30612302DFD900573C79 /* Model */ = {
			isa = PBXGroup;
			children = (
				D13F30672302E06F00573C79 /* PlaceDataModel.swift */,
			);
			path = Model;
			sourceTree = "<group>";
		};
		D13F30622302DFE100573C79 /* Controller */ = {
			isa = PBXGroup;
			children = (
				D13F30692302E0A400573C79 /* Home */,
				D13F30702302E0C400573C79 /* NearestPoint */,
			);
			path = Controller;
			sourceTree = "<group>";
		};
		D13F30692302E0A400573C79 /* Home */ = {
			isa = PBXGroup;
			children = (
				D13F306A2302E0B200573C79 /* AnimateOnMapViewController.swift */,
				D13F306B2302E0B200573C79 /* HomeViewController.swift */,
			);
			path = Home;
			sourceTree = "<group>";
		};
		D13F30702302E0C400573C79 /* NearestPoint */ = {
			isa = PBXGroup;
			children = (
				D13F306E2302E0BE00573C79 /* NearestPointViewController.swift */,
			);
			path = NearestPoint;
			sourceTree = "<group>";
		};
/* End PBXGroup section */

/* Begin PBXNativeTarget section */
		D106CC162302CAE2004C8CD2 /* MapRoutesPOC */ = {
			isa = PBXNativeTarget;
			buildConfigurationList = D106CC292302CAE3004C8CD2 /* Build configuration list for PBXNativeTarget "MapRoutesPOC" */;
			buildPhases = (
				B99A23019E41A14CF4ED843F /* [CP] Check Pods Manifest.lock */,
				D106CC132302CAE2004C8CD2 /* Sources */,
				D106CC142302CAE2004C8CD2 /* Frameworks */,
				D106CC152302CAE2004C8CD2 /* Resources */,
				9749133C34654FE3A88080D9 /* [CP] Embed Pods Frameworks */,
				CEDBAB58204187DE650C8ED8 /* [CP] Copy Pods Resources */,
			);
			buildRules = (
			);
			dependencies = (
			);
			name = MapRoutesPOC;
			productName = MapRoutesPOC;
			productReference = D106CC172302CAE2004C8CD2 /* MapRoutesPOC.app */;
			productType = "com.apple.product-type.application";
		};
/* End PBXNativeTarget section */

/* Begin PBXProject section */
		D106CC0F2302CAE2004C8CD2 /* Project object */ = {
			isa = PBXProject;
			attributes = {
				LastSwiftUpdateCheck = 1030;
				LastUpgradeCheck = 1030;
				ORGANIZATIONNAME = "Randhir Kumar";
				TargetAttributes = {
					D106CC162302CAE2004C8CD2 = {
						CreatedOnToolsVersion = 10.3;
						LastSwiftMigration = 1030;
					};
				};
			};
			buildConfigurationList = D106CC122302CAE2004C8CD2 /* Build configuration list for PBXProject "MapRoutesPOC" */;
			compatibilityVersion = "Xcode 9.3";
			developmentRegion = en;
			hasScannedForEncodings = 0;
			knownRegions = (
				en,
				Base,
			);
			mainGroup = D106CC0E2302CAE2004C8CD2;
			productRefGroup = D106CC182302CAE2004C8CD2 /* Products */;
			projectDirPath = "";
			projectRoot = "";
			targets = (
				D106CC162302CAE2004C8CD2 /* MapRoutesPOC */,
			);
		};
/* End PBXProject section */

/* Begin PBXResourcesBuildPhase section */
		D106CC152302CAE2004C8CD2 /* Resources */ = {
			isa = PBXResourcesBuildPhase;
			buildActionMask = 2147483647;
			files = (
				D106CC252302CAE3004C8CD2 /* LaunchScreen.storyboard in Resources */,
				D13F305D2302DFB800573C79 /* NearestPointTableViewCell.xib in Resources */,
				D106CC222302CAE3004C8CD2 /* Assets.xcassets in Resources */,
				D1D5A5772302E42E009336FE /* Style.json in Resources */,
				D13F305E2302DFB800573C79 /* HomeTableViewCell.xib in Resources */,
				D106CC202302CAE2004C8CD2 /* Main.storyboard in Resources */,
			);
			runOnlyForDeploymentPostprocessing = 0;
		};
/* End PBXResourcesBuildPhase section */

/* Begin PBXShellScriptBuildPhase section */
		9749133C34654FE3A88080D9 /* [CP] Embed Pods Frameworks */ = {
			isa = PBXShellScriptBuildPhase;
			buildActionMask = 2147483647;
			files = (
			);
			inputFileListPaths = (
				"${PODS_ROOT}/Target Support Files/Pods-MapRoutesPOC/Pods-MapRoutesPOC-frameworks-${CONFIGURATION}-input-files.xcfilelist",
			);
			name = "[CP] Embed Pods Frameworks";
			outputFileListPaths = (
				"${PODS_ROOT}/Target Support Files/Pods-MapRoutesPOC/Pods-MapRoutesPOC-frameworks-${CONFIGURATION}-output-files.xcfilelist",
			);
			runOnlyForDeploymentPostprocessing = 0;
			shellPath = /bin/sh;
			shellScript = "\"${PODS_ROOT}/Target Support Files/Pods-MapRoutesPOC/Pods-MapRoutesPOC-frameworks.sh\"\n";
			showEnvVarsInLog = 0;
		};
		B99A23019E41A14CF4ED843F /* [CP] Check Pods Manifest.lock */ = {
			isa = PBXShellScriptBuildPhase;
			buildActionMask = 2147483647;
			files = (
			);
			inputFileListPaths = (
			);
			inputPaths = (
				"${PODS_PODFILE_DIR_PATH}/Podfile.lock",
				"${PODS_ROOT}/Manifest.lock",
			);
			name = "[CP] Check Pods Manifest.lock";
			outputFileListPaths = (
			);
			outputPaths = (
				"$(DERIVED_FILE_DIR)/Pods-MapRoutesPOC-checkManifestLockResult.txt",
			);
			runOnlyForDeploymentPostprocessing = 0;
			shellPath = /bin/sh;
			shellScript = "diff \"${PODS_PODFILE_DIR_PATH}/Podfile.lock\" \"${PODS_ROOT}/Manifest.lock\" > /dev/null\nif [ $? != 0 ] ; then\n    # print error to STDERR\n    echo \"error: The sandbox is not in sync with the Podfile.lock. Run 'pod install' or update your CocoaPods installation.\" >&2\n    exit 1\nfi\n# This output is used by Xcode 'outputs' to avoid re-running this script phase.\necho \"SUCCESS\" > \"${SCRIPT_OUTPUT_FILE_0}\"\n";
			showEnvVarsInLog = 0;
		};
		CEDBAB58204187DE650C8ED8 /* [CP] Copy Pods Resources */ = {
			isa = PBXShellScriptBuildPhase;
			buildActionMask = 2147483647;
			files = (
			);
			inputFileListPaths = (
				"${PODS_ROOT}/Target Support Files/Pods-MapRoutesPOC/Pods-MapRoutesPOC-resources-${CONFIGURATION}-input-files.xcfilelist",
			);
			name = "[CP] Copy Pods Resources";
			outputFileListPaths = (
				"${PODS_ROOT}/Target Support Files/Pods-MapRoutesPOC/Pods-MapRoutesPOC-resources-${CONFIGURATION}-output-files.xcfilelist",
			);
			runOnlyForDeploymentPostprocessing = 0;
			shellPath = /bin/sh;
			shellScript = "\"${PODS_ROOT}/Target Support Files/Pods-MapRoutesPOC/Pods-MapRoutesPOC-resources.sh\"\n";
			showEnvVarsInLog = 0;
		};
/* End PBXShellScriptBuildPhase section */

/* Begin PBXSourcesBuildPhase section */
		D106CC132302CAE2004C8CD2 /* Sources */ = {
			isa = PBXSourcesBuildPhase;
			buildActionMask = 2147483647;
			files = (
				D13F306C2302E0B200573C79 /* AnimateOnMapViewController.swift in Sources */,
				D13F30682302E06F00573C79 /* PlaceDataModel.swift in Sources */,
				D13F30662302E00300573C79 /* PlaceViewModel.swift in Sources */,
				D13F30652302E00300573C79 /* NearestPoinViewModel.swift in Sources */,
				D13F306F2302E0BE00573C79 /* NearestPointViewController.swift in Sources */,
				D13F305C2302DFB800573C79 /* HomeTableViewCell.swift in Sources */,
				D13F30552302DF9200573C79 /* AppDelegate.swift in Sources */,
				D13F304D2302DF5300573C79 /* Loader.swift in Sources */,
				D13F306D2302E0B200573C79 /* HomeViewController.swift in Sources */,
				D13F30532302DF8800573C79 /* Extensions.swift in Sources */,
				D13F305B2302DFB800573C79 /* NearestPointTableViewCell.swift in Sources */,
				D13F304F2302DF5E00573C79 /* Constants.swift in Sources */,
			);
			runOnlyForDeploymentPostprocessing = 0;
		};
/* End PBXSourcesBuildPhase section */

/* Begin PBXVariantGroup section */
		D106CC1E2302CAE2004C8CD2 /* Main.storyboard */ = {
			isa = PBXVariantGroup;
			children = (
				D106CC1F2302CAE2004C8CD2 /* Base */,
			);
			name = Main.storyboard;
			sourceTree = "<group>";
		};
		D106CC232302CAE3004C8CD2 /* LaunchScreen.storyboard */ = {
			isa = PBXVariantGroup;
			children = (
				D106CC242302CAE3004C8CD2 /* Base */,
			);
			name = LaunchScreen.storyboard;
			sourceTree = "<group>";
		};
/* End PBXVariantGroup section */

/* Begin XCBuildConfiguration section */
		D106CC272302CAE3004C8CD2 /* Debug */ = {
			isa = XCBuildConfiguration;
			buildSettings = {
				ALWAYS_SEARCH_USER_PATHS = NO;
				CLANG_ANALYZER_NONNULL = YES;
				CLANG_ANALYZER_NUMBER_OBJECT_CONVERSION = YES_AGGRESSIVE;
				CLANG_CXX_LANGUAGE_STANDARD = "gnu++14";
				CLANG_CXX_LIBRARY = "libc++";
				CLANG_ENABLE_MODULES = YES;
				CLANG_ENABLE_OBJC_ARC = YES;
				CLANG_ENABLE_OBJC_WEAK = YES;
				CLANG_WARN_BLOCK_CAPTURE_AUTORELEASING = YES;
				CLANG_WARN_BOOL_CONVERSION = YES;
				CLANG_WARN_COMMA = YES;
				CLANG_WARN_CONSTANT_CONVERSION = YES;
				CLANG_WARN_DEPRECATED_OBJC_IMPLEMENTATIONS = YES;
				CLANG_WARN_DIRECT_OBJC_ISA_USAGE = YES_ERROR;
				CLANG_WARN_DOCUMENTATION_COMMENTS = YES;
				CLANG_WARN_EMPTY_BODY = YES;
				CLANG_WARN_ENUM_CONVERSION = YES;
				CLANG_WARN_INFINITE_RECURSION = YES;
				CLANG_WARN_INT_CONVERSION = YES;
				CLANG_WARN_NON_LITERAL_NULL_CONVERSION = YES;
				CLANG_WARN_OBJC_IMPLICIT_RETAIN_SELF = YES;
				CLANG_WARN_OBJC_LITERAL_CONVERSION = YES;
				CLANG_WARN_OBJC_ROOT_CLASS = YES_ERROR;
				CLANG_WARN_RANGE_LOOP_ANALYSIS = YES;
				CLANG_WARN_STRICT_PROTOTYPES = YES;
				CLANG_WARN_SUSPICIOUS_MOVE = YES;
				CLANG_WARN_UNGUARDED_AVAILABILITY = YES_AGGRESSIVE;
				CLANG_WARN_UNREACHABLE_CODE = YES;
				CLANG_WARN__DUPLICATE_METHOD_MATCH = YES;
				CODE_SIGN_IDENTITY = "iPhone Developer";
				COPY_PHASE_STRIP = NO;
				DEBUG_INFORMATION_FORMAT = dwarf;
				ENABLE_STRICT_OBJC_MSGSEND = YES;
				ENABLE_TESTABILITY = YES;
				GCC_C_LANGUAGE_STANDARD = gnu11;
				GCC_DYNAMIC_NO_PIC = NO;
				GCC_NO_COMMON_BLOCKS = YES;
				GCC_OPTIMIZATION_LEVEL = 0;
				GCC_PREPROCESSOR_DEFINITIONS = (
					"DEBUG=1",
					"$(inherited)",
				);
				GCC_WARN_64_TO_32_BIT_CONVERSION = YES;
				GCC_WARN_ABOUT_RETURN_TYPE = YES_ERROR;
				GCC_WARN_UNDECLARED_SELECTOR = YES;
				GCC_WARN_UNINITIALIZED_AUTOS = YES_AGGRESSIVE;
				GCC_WARN_UNUSED_FUNCTION = YES;
				GCC_WARN_UNUSED_VARIABLE = YES;
				IPHONEOS_DEPLOYMENT_TARGET = 12.4;
				MTL_ENABLE_DEBUG_INFO = INCLUDE_SOURCE;
				MTL_FAST_MATH = YES;
				ONLY_ACTIVE_ARCH = YES;
				SDKROOT = iphoneos;
				SWIFT_ACTIVE_COMPILATION_CONDITIONS = DEBUG;
				SWIFT_OPTIMIZATION_LEVEL = "-Onone";
			};
			name = Debug;
		};
		D106CC282302CAE3004C8CD2 /* Release */ = {
			isa = XCBuildConfiguration;
			buildSettings = {
				ALWAYS_SEARCH_USER_PATHS = NO;
				CLANG_ANALYZER_NONNULL = YES;
				CLANG_ANALYZER_NUMBER_OBJECT_CONVERSION = YES_AGGRESSIVE;
				CLANG_CXX_LANGUAGE_STANDARD = "gnu++14";
				CLANG_CXX_LIBRARY = "libc++";
				CLANG_ENABLE_MODULES = YES;
				CLANG_ENABLE_OBJC_ARC = YES;
				CLANG_ENABLE_OBJC_WEAK = YES;
				CLANG_WARN_BLOCK_CAPTURE_AUTORELEASING = YES;
				CLANG_WARN_BOOL_CONVERSION = YES;
				CLANG_WARN_COMMA = YES;
				CLANG_WARN_CONSTANT_CONVERSION = YES;
				CLANG_WARN_DEPRECATED_OBJC_IMPLEMENTATIONS = YES;
				CLANG_WARN_DIRECT_OBJC_ISA_USAGE = YES_ERROR;
				CLANG_WARN_DOCUMENTATION_COMMENTS = YES;
				CLANG_WARN_EMPTY_BODY = YES;
				CLANG_WARN_ENUM_CONVERSION = YES;
				CLANG_WARN_INFINITE_RECURSION = YES;
				CLANG_WARN_INT_CONVERSION = YES;
				CLANG_WARN_NON_LITERAL_NULL_CONVERSION = YES;
				CLANG_WARN_OBJC_IMPLICIT_RETAIN_SELF = YES;
				CLANG_WARN_OBJC_LITERAL_CONVERSION = YES;
				CLANG_WARN_OBJC_ROOT_CLASS = YES_ERROR;
				CLANG_WARN_RANGE_LOOP_ANALYSIS = YES;
				CLANG_WARN_STRICT_PROTOTYPES = YES;
				CLANG_WARN_SUSPICIOUS_MOVE = YES;
				CLANG_WARN_UNGUARDED_AVAILABILITY = YES_AGGRESSIVE;
				CLANG_WARN_UNREACHABLE_CODE = YES;
				CLANG_WARN__DUPLICATE_METHOD_MATCH = YES;
				CODE_SIGN_IDENTITY = "iPhone Developer";
				COPY_PHASE_STRIP = NO;
				DEBUG_INFORMATION_FORMAT = "dwarf-with-dsym";
				ENABLE_NS_ASSERTIONS = NO;
				ENABLE_STRICT_OBJC_MSGSEND = YES;
				GCC_C_LANGUAGE_STANDARD = gnu11;
				GCC_NO_COMMON_BLOCKS = YES;
				GCC_WARN_64_TO_32_BIT_CONVERSION = YES;
				GCC_WARN_ABOUT_RETURN_TYPE = YES_ERROR;
				GCC_WARN_UNDECLARED_SELECTOR = YES;
				GCC_WARN_UNINITIALIZED_AUTOS = YES_AGGRESSIVE;
				GCC_WARN_UNUSED_FUNCTION = YES;
				GCC_WARN_UNUSED_VARIABLE = YES;
				IPHONEOS_DEPLOYMENT_TARGET = 12.4;
				MTL_ENABLE_DEBUG_INFO = NO;
				MTL_FAST_MATH = YES;
				SDKROOT = iphoneos;
				SWIFT_COMPILATION_MODE = wholemodule;
				SWIFT_OPTIMIZATION_LEVEL = "-O";
				VALIDATE_PRODUCT = YES;
			};
			name = Release;
		};
		D106CC2A2302CAE3004C8CD2 /* Debug */ = {
			isa = XCBuildConfiguration;
			baseConfigurationReference = 4273A07E85F0DD3AA096E703 /* Pods-MapRoutesPOC.debug.xcconfig */;
			buildSettings = {
				ASSETCATALOG_COMPILER_APPICON_NAME = AppIcon;
				CLANG_ENABLE_MODULES = YES;
				CODE_SIGN_STYLE = Automatic;
				INFOPLIST_FILE = MapRoutesPOC/Info.plist;
				LD_RUNPATH_SEARCH_PATHS = (
					"$(inherited)",
					"@executable_path/Frameworks",
				);
				PRODUCT_BUNDLE_IDENTIFIER = com.randhir.mapRoutePoc;
				PRODUCT_NAME = "$(TARGET_NAME)";
				SWIFT_OPTIMIZATION_LEVEL = "-Onone";
				SWIFT_VERSION = 5.0;
				TARGETED_DEVICE_FAMILY = "1,2";
			};
			name = Debug;
		};
		D106CC2B2302CAE3004C8CD2 /* Release */ = {
			isa = XCBuildConfiguration;
			baseConfigurationReference = 061907C3A1A9540094C873CD /* Pods-MapRoutesPOC.release.xcconfig */;
			buildSettings = {
				ASSETCATALOG_COMPILER_APPICON_NAME = AppIcon;
				CLANG_ENABLE_MODULES = YES;
				CODE_SIGN_STYLE = Automatic;
				INFOPLIST_FILE = MapRoutesPOC/Info.plist;
				LD_RUNPATH_SEARCH_PATHS = (
					"$(inherited)",
					"@executable_path/Frameworks",
				);
				PRODUCT_BUNDLE_IDENTIFIER = com.randhir.mapRoutePoc;
				PRODUCT_NAME = "$(TARGET_NAME)";
				SWIFT_VERSION = 5.0;
				TARGETED_DEVICE_FAMILY = "1,2";
			};
			name = Release;
		};
/* End XCBuildConfiguration section */

/* Begin XCConfigurationList section */
		D106CC122302CAE2004C8CD2 /* Build configuration list for PBXProject "MapRoutesPOC" */ = {
			isa = XCConfigurationList;
			buildConfigurations = (
				D106CC272302CAE3004C8CD2 /* Debug */,
				D106CC282302CAE3004C8CD2 /* Release */,
			);
			defaultConfigurationIsVisible = 0;
			defaultConfigurationName = Release;
		};
		D106CC292302CAE3004C8CD2 /* Build configuration list for PBXNativeTarget "MapRoutesPOC" */ = {
			isa = XCConfigurationList;
			buildConfigurations = (
				D106CC2A2302CAE3004C8CD2 /* Debug */,
				D106CC2B2302CAE3004C8CD2 /* Release */,
			);
			defaultConfigurationIsVisible = 0;
			defaultConfigurationName = Release;
		};
/* End XCConfigurationList section */
	};
	rootObject = D106CC0F2302CAE2004C8CD2 /* Project object */;
}
